
Microsoft Visual Studio Solution File, Format Version 12.00
# Visual Studio 15
VisualStudioVersion = 15.0.26730.16
MinimumVisualStudioVersion = 10.0.40219.1
Project("{FAE04EC0-301F-11D3-BF4B-00C04F79EFBC}") = "HWCalc", "WindowsFormsApp2\HWCalc.csproj", "{2AA4F96E-ABFA-48A4-B399-9A90F392BD36}"
EndProject
Global
	GlobalSection(SolutionConfigurationPlatforms) = preSolution
		Debug|Any CPU = Debug|Any CPU
		Release|Any CPU = Release|Any CPU
	EndGlobalSection
	GlobalSection(ProjectConfigurationPlatforms) = postSolution
		{2AA4F96E-ABFA-48A4-B399-9A90F392BD36}.Debug|Any CPU.ActiveCfg = Debug|Any CPU
		{2AA4F96E-ABFA-48A4-B399-9A90F392BD36}.Debug|Any CPU.Build.0 = Debug|Any CPU
		{2AA4F96E-ABFA-48A4-B399-9A90F392BD36}.Release|Any CPU.ActiveCfg = Release|Any CPU
		{2AA4F96E-ABFA-48A4-B399-9A90F392BD36}.Release|Any CPU.Build.0 = Release|Any CPU
	EndGlobalSection
	GlobalSection(SolutionProperties) = preSolution
		HideSolutionNode = FALSE
	EndGlobalSection
	GlobalSection(ExtensibilityGlobals) = postSolution
		SolutionGuid = {69A3C200-E3F5-4470-9A9E-A1A12790C1A3}
	EndGlobalSection
EndGlobal
