
Microsoft Visual Studio Solution File, Format Version 12.00
# Visual Studio 15
VisualStudioVersion = 15.0.26730.16
MinimumVisualStudioVersion = 10.0.40219.1
Project("{FAE04EC0-301F-11D3-BF4B-00C04F79EFBC}") = "WindowsFormsApp4", "WindowsFormsApp4\WindowsFormsApp4.csproj", "{48AA3724-7989-4C3A-BD4C-425162A4FB74}"
EndProject
Global
	GlobalSection(SolutionConfigurationPlatforms) = preSolution
		Debug|Any CPU = Debug|Any CPU
		Release|Any CPU = Release|Any CPU
	EndGlobalSection
	GlobalSection(ProjectConfigurationPlatforms) = postSolution
		{48AA3724-7989-4C3A-BD4C-425162A4FB74}.Debug|Any CPU.ActiveCfg = Debug|Any CPU
		{48AA3724-7989-4C3A-BD4C-425162A4FB74}.Debug|Any CPU.Build.0 = Debug|Any CPU
		{48AA3724-7989-4C3A-BD4C-425162A4FB74}.Release|Any CPU.ActiveCfg = Release|Any CPU
		{48AA3724-7989-4C3A-BD4C-425162A4FB74}.Release|Any CPU.Build.0 = Release|Any CPU
	EndGlobalSection
	GlobalSection(SolutionProperties) = preSolution
		HideSolutionNode = FALSE
	EndGlobalSection
	GlobalSection(ExtensibilityGlobals) = postSolution
		SolutionGuid = {43D94977-B30B-4E8E-A8F3-DDD8ECAAA66D}
	EndGlobalSection
EndGlobal
